
Microsoft Visual Studio Solution File, Format Version 12.00
# Visual Studio Version 17
VisualStudioVersion = 17.11.35312.102
MinimumVisualStudioVersion = 10.0.40219.1
Project("{FAE04EC0-301F-11D3-BF4B-00C04F79EFBC}") = "Lesson05", "Lesson05.csproj", "{82702AD0-683C-4574-AB2C-E015A3412B5E}"
EndProject
Global
	GlobalSection(SolutionConfigurationPlatforms) = preSolution
		Debug|Any CPU = Debug|Any CPU
		Release|Any CPU = Release|Any CPU
	EndGlobalSection
	GlobalSection(ProjectConfigurationPlatforms) = postSolution
		{82702AD0-683C-4574-AB2C-E015A3412B5E}.Debug|Any CPU.ActiveCfg = Debug|Any CPU
		{82702AD0-683C-4574-AB2C-E015A3412B5E}.Debug|Any CPU.Build.0 = Debug|Any CPU
		{82702AD0-683C-4574-AB2C-E015A3412B5E}.Release|Any CPU.ActiveCfg = Release|Any CPU
		{82702AD0-683C-4574-AB2C-E015A3412B5E}.Release|Any CPU.Build.0 = Release|Any CPU
	EndGlobalSection
	GlobalSection(SolutionProperties) = preSolution
		HideSolutionNode = FALSE
	EndGlobalSection
	GlobalSection(ExtensibilityGlobals) = postSolution
		SolutionGuid = {EF5C6805-525B-484B-9847-0F891F5BC0E6}
	EndGlobalSection
EndGlobal
