
Microsoft Visual Studio Solution File, Format Version 12.00
# Visual Studio Version 17
VisualStudioVersion = 17.11.35312.102
MinimumVisualStudioVersion = 10.0.40219.1
Project("{FAE04EC0-301F-11D3-BF4B-00C04F79EFBC}") = "Web01", "Web01\Web01.csproj", "{8B47D220-FA4E-44ED-8F28-66F5D71E0D60}"
EndProject
Global
	GlobalSection(SolutionConfigurationPlatforms) = preSolution
		Debug|Any CPU = Debug|Any CPU
		Release|Any CPU = Release|Any CPU
	EndGlobalSection
	GlobalSection(ProjectConfigurationPlatforms) = postSolution
		{8B47D220-FA4E-44ED-8F28-66F5D71E0D60}.Debug|Any CPU.ActiveCfg = Debug|Any CPU
		{8B47D220-FA4E-44ED-8F28-66F5D71E0D60}.Debug|Any CPU.Build.0 = Debug|Any CPU
		{8B47D220-FA4E-44ED-8F28-66F5D71E0D60}.Release|Any CPU.ActiveCfg = Release|Any CPU
		{8B47D220-FA4E-44ED-8F28-66F5D71E0D60}.Release|Any CPU.Build.0 = Release|Any CPU
	EndGlobalSection
	GlobalSection(SolutionProperties) = preSolution
		HideSolutionNode = FALSE
	EndGlobalSection
	GlobalSection(ExtensibilityGlobals) = postSolution
		SolutionGuid = {C0FC08B1-D23E-42EF-9A85-DB3721497804}
	EndGlobalSection
EndGlobal
